// !$*UTF8*$!
{
	archiveVersion = 1;
	classes = {
	};
	objectVersion = 52;
	objects = {

/* Begin PBXBuildFile section */
		60050000249566110037C6DF /* characterAttributes-ultimate-15.json in Resources */ = {isa = PBXBuildFile; fileRef = 6005FFD4249566110037C6DF /* characterAttributes-ultimate-15.json */; };
		60050001249566110037C6DF /* characterAttributes-ultimate-42.json in Resources */ = {isa = PBXBuildFile; fileRef = 6005FFD5249566110037C6DF /* characterAttributes-ultimate-42.json */; };
		60050002249566110037C6DF /* characterAttributes-ultimate-54.json in Resources */ = {isa = PBXBuildFile; fileRef = 6005FFD6249566110037C6DF /* characterAttributes-ultimate-54.json */; };
		60050003249566110037C6DF /* characterAttributes-ultimate-65.json in Resources */ = {isa = PBXBuildFile; fileRef = 6005FFD7249566110037C6DF /* characterAttributes-ultimate-65.json */; };
		60050004249566110037C6DF /* characterAttributes-ultimate-73.json in Resources */ = {isa = PBXBuildFile; fileRef = 6005FFD8249566110037C6DF /* characterAttributes-ultimate-73.json */; };
		60050005249566110037C6DF /* characterAttributes-ultimate-45.json in Resources */ = {isa = PBXBuildFile; fileRef = 6005FFD9249566110037C6DF /* characterAttributes-ultimate-45.json */; };
		60050006249566110037C6DF /* characterAttributes-ultimate-69.json in Resources */ = {isa = PBXBuildFile; fileRef = 6005FFDA249566110037C6DF /* characterAttributes-ultimate-69.json */; };
		60050007249566110037C6DF /* characterAttributes-ultimate-28.json in Resources */ = {isa = PBXBuildFile; fileRef = 6005FFDB249566110037C6DF /* characterAttributes-ultimate-28.json */; };
		60050008249566110037C6DF /* characterAttributes-ultimate-68.json in Resources */ = {isa = PBXBuildFile; fileRef = 6005FFDC249566110037C6DF /* characterAttributes-ultimate-68.json */; };
		60050009249566110037C6DF /* characterAttributes-ultimate-13.json in Resources */ = {isa = PBXBuildFile; fileRef = 6005FFDD249566110037C6DF /* characterAttributes-ultimate-13.json */; };
		6005000A249566110037C6DF /* characterAttributes-ultimate-72.json in Resources */ = {isa = PBXBuildFile; fileRef = 6005FFDE249566110037C6DF /* characterAttributes-ultimate-72.json */; };
		6005000B249566110037C6DF /* characterAttributes-ultimate-25.json in Resources */ = {isa = PBXBuildFile; fileRef = 6005FFDF249566110037C6DF /* characterAttributes-ultimate-25.json */; };
		6005000C249566110037C6DF /* characterAttributes-ultimate-64.json in Resources */ = {isa = PBXBuildFile; fileRef = 6005FFE0249566110037C6DF /* characterAttributes-ultimate-64.json */; };
		6005000E249574570037C6DF /* ResponderHolder.swift in Sources */ = {isa = PBXBuildFile; fileRef = 6005000D249574570037C6DF /* ResponderHolder.swift */; };
		6005FFE1249566110037C6DF /* characterAttributes-ultimate-71.json in Resources */ = {isa = PBXBuildFile; fileRef = 6005FFB5249566110037C6DF /* characterAttributes-ultimate-71.json */; };
		6005FFE2249566110037C6DF /* characterAttributes-ultimate-30.json in Resources */ = {isa = PBXBuildFile; fileRef = 6005FFB6249566110037C6DF /* characterAttributes-ultimate-30.json */; };
		6005FFE3249566110037C6DF /* characterAttributes-ultimate-67.json in Resources */ = {isa = PBXBuildFile; fileRef = 6005FFB7249566110037C6DF /* characterAttributes-ultimate-67.json */; };
		6005FFE4249566110037C6DF /* characterAttributes-ultimate-2.json in Resources */ = {isa = PBXBuildFile; fileRef = 6005FFB8249566110037C6DF /* characterAttributes-ultimate-2.json */; };
		6005FFE5249566110037C6DF /* characterAttributes-ultimate-47.json in Resources */ = {isa = PBXBuildFile; fileRef = 6005FFB9249566110037C6DF /* characterAttributes-ultimate-47.json */; };
		6005FFE6249566110037C6DF /* characterAttributes-ultimate-50.json in Resources */ = {isa = PBXBuildFile; fileRef = 6005FFBA249566110037C6DF /* characterAttributes-ultimate-50.json */; };
		6005FFE7249566110037C6DF /* characterAttributes-ultimate-46.json in Resources */ = {isa = PBXBuildFile; fileRef = 6005FFBB249566110037C6DF /* characterAttributes-ultimate-46.json */; };
		6005FFE8249566110037C6DF /* characterAttributes-ultimate-66.json in Resources */ = {isa = PBXBuildFile; fileRef = 6005FFBC249566110037C6DF /* characterAttributes-ultimate-66.json */; };
		6005FFE9249566110037C6DF /* characterAttributes-ultimate-31.json in Resources */ = {isa = PBXBuildFile; fileRef = 6005FFBD249566110037C6DF /* characterAttributes-ultimate-31.json */; };
		6005FFEA249566110037C6DF /* characterAttributes-ultimate-70.json in Resources */ = {isa = PBXBuildFile; fileRef = 6005FFBE249566110037C6DF /* characterAttributes-ultimate-70.json */; };
		6005FFEB249566110037C6DF /* characterAttributes-ultimate-16.json in Resources */ = {isa = PBXBuildFile; fileRef = 6005FFBF249566110037C6DF /* characterAttributes-ultimate-16.json */; };
		6005FFEC249566110037C6DF /* characterAttributes-ultimate-8.json in Resources */ = {isa = PBXBuildFile; fileRef = 6005FFC0249566110037C6DF /* characterAttributes-ultimate-8.json */; };
		6005FFED249566110037C6DF /* characterAttributes-ultimate-57.json in Resources */ = {isa = PBXBuildFile; fileRef = 6005FFC1249566110037C6DF /* characterAttributes-ultimate-57.json */; };
		6005FFEE249566110037C6DF /* characterAttributes-ultimate-77.json in Resources */ = {isa = PBXBuildFile; fileRef = 6005FFC2249566110037C6DF /* characterAttributes-ultimate-77.json */; };
		6005FFEF249566110037C6DF /* characterAttributes-ultimate-20.json in Resources */ = {isa = PBXBuildFile; fileRef = 6005FFC3249566110037C6DF /* characterAttributes-ultimate-20.json */; };
		6005FFF0249566110037C6DF /* characterAttributes-ultimate-61.json in Resources */ = {isa = PBXBuildFile; fileRef = 6005FFC4249566110037C6DF /* characterAttributes-ultimate-61.json */; };
		6005FFF1249566110037C6DF /* characterAttributes-ultimate-60.json in Resources */ = {isa = PBXBuildFile; fileRef = 6005FFC5249566110037C6DF /* characterAttributes-ultimate-60.json */; };
		6005FFF2249566110037C6DF /* characterAttributes-ultimate-76.json in Resources */ = {isa = PBXBuildFile; fileRef = 6005FFC6249566110037C6DF /* characterAttributes-ultimate-76.json */; };
		6005FFF3249566110037C6DF /* characterAttributes-ultimate-40.json in Resources */ = {isa = PBXBuildFile; fileRef = 6005FFC7249566110037C6DF /* characterAttributes-ultimate-40.json */; };
		6005FFF4249566110037C6DF /* characterAttributes-ultimate-17.json in Resources */ = {isa = PBXBuildFile; fileRef = 6005FFC8249566110037C6DF /* characterAttributes-ultimate-17.json */; };
		6005FFF5249566110037C6DF /* characterAttributes-ultimate-43.json in Resources */ = {isa = PBXBuildFile; fileRef = 6005FFC9249566110037C6DF /* characterAttributes-ultimate-43.json */; };
		6005FFF6249566110037C6DF /* characterAttributes-ultimate-14.json in Resources */ = {isa = PBXBuildFile; fileRef = 6005FFCA249566110037C6DF /* characterAttributes-ultimate-14.json */; };
		6005FFF7249566110037C6DF /* characterAttributes-ultimate-79.json in Resources */ = {isa = PBXBuildFile; fileRef = 6005FFCB249566110037C6DF /* characterAttributes-ultimate-79.json */; };
		6005FFF8249566110037C6DF /* characterAttributes-ultimate-59.json in Resources */ = {isa = PBXBuildFile; fileRef = 6005FFCC249566110037C6DF /* characterAttributes-ultimate-59.json */; };
		6005FFF9249566110037C6DF /* characterAttributes-ultimate-63.json in Resources */ = {isa = PBXBuildFile; fileRef = 6005FFCD249566110037C6DF /* characterAttributes-ultimate-63.json */; };
		6005FFFA249566110037C6DF /* characterAttributes-ultimate-22.json in Resources */ = {isa = PBXBuildFile; fileRef = 6005FFCE249566110037C6DF /* characterAttributes-ultimate-22.json */; };
		6005FFFB249566110037C6DF /* characterAttributes-ultimate-75.json in Resources */ = {isa = PBXBuildFile; fileRef = 6005FFCF249566110037C6DF /* characterAttributes-ultimate-75.json */; };
		6005FFFC249566110037C6DF /* characterAttributes-ultimate-74.json in Resources */ = {isa = PBXBuildFile; fileRef = 6005FFD0249566110037C6DF /* characterAttributes-ultimate-74.json */; };
		6005FFFD249566110037C6DF /* characterAttributes-ultimate-62.json in Resources */ = {isa = PBXBuildFile; fileRef = 6005FFD1249566110037C6DF /* characterAttributes-ultimate-62.json */; };
		6005FFFE249566110037C6DF /* characterAttributes-ultimate-78.json in Resources */ = {isa = PBXBuildFile; fileRef = 6005FFD2249566110037C6DF /* characterAttributes-ultimate-78.json */; };
		6005FFFF249566110037C6DF /* characterAttributes-ultimate-39.json in Resources */ = {isa = PBXBuildFile; fileRef = 6005FFD3249566110037C6DF /* characterAttributes-ultimate-39.json */; };
		6007B57024913E66009FD263 /* CharacterAttributes.swift in Sources */ = {isa = PBXBuildFile; fileRef = 6007B56F24913E65009FD263 /* CharacterAttributes.swift */; };
		600C2D4B2493542500D0FD6C /* CharacterMovesScreenContentView.swift in Sources */ = {isa = PBXBuildFile; fileRef = 600C2D4A2493542500D0FD6C /* CharacterMovesScreenContentView.swift */; };
		600C2D4D2493597300D0FD6C /* CharacterMovesScreenViewModel.swift in Sources */ = {isa = PBXBuildFile; fileRef = 600C2D4C2493597300D0FD6C /* CharacterMovesScreenViewModel.swift */; };
		600C2D4F2494F1C000D0FD6C /* CharacterAttributesRow.swift in Sources */ = {isa = PBXBuildFile; fileRef = 600C2D4E2494F1C000D0FD6C /* CharacterAttributesRow.swift */; };
		600C2D512494F75000D0FD6C /* UserDataModel.swift in Sources */ = {isa = PBXBuildFile; fileRef = 600C2D502494F75000D0FD6C /* UserDataModel.swift */; };
		600C2D542494F89500D0FD6C /* FavoritedCharacter+CoreDataClass.swift in Sources */ = {isa = PBXBuildFile; fileRef = 600C2D522494F89500D0FD6C /* FavoritedCharacter+CoreDataClass.swift */; };
		600C2D552494F89500D0FD6C /* FavoritedCharacter+CoreDataProperties.swift in Sources */ = {isa = PBXBuildFile; fileRef = 600C2D532494F89500D0FD6C /* FavoritedCharacter+CoreDataProperties.swift */; };
		60249027248BC151009D8E75 /* AppDelegate.swift in Sources */ = {isa = PBXBuildFile; fileRef = 60249026248BC151009D8E75 /* AppDelegate.swift */; };
		60249029248BC151009D8E75 /* SceneDelegate.swift in Sources */ = {isa = PBXBuildFile; fileRef = 60249028248BC151009D8E75 /* SceneDelegate.swift */; };
		6024902D248BC152009D8E75 /* Assets.xcassets in Resources */ = {isa = PBXBuildFile; fileRef = 6024902C248BC152009D8E75 /* Assets.xcassets */; };
		60249030248BC152009D8E75 /* Preview Assets.xcassets in Resources */ = {isa = PBXBuildFile; fileRef = 6024902F248BC152009D8E75 /* Preview Assets.xcassets */; };
		60249033248BC152009D8E75 /* LaunchScreen.storyboard in Resources */ = {isa = PBXBuildFile; fileRef = 60249031248BC152009D8E75 /* LaunchScreen.storyboard */; };
		6024903D248BE05D009D8E75 /* HomeScreenContentView.swift in Sources */ = {isa = PBXBuildFile; fileRef = 6024903C248BE05D009D8E75 /* HomeScreenContentView.swift */; };
		60249040248BE0B2009D8E75 /* HomeScreenViewModel.swift in Sources */ = {isa = PBXBuildFile; fileRef = 6024903F248BE0B2009D8E75 /* HomeScreenViewModel.swift */; };
		60249042248BE116009D8E75 /* Character.swift in Sources */ = {isa = PBXBuildFile; fileRef = 60249041248BE116009D8E75 /* Character.swift */; };
		60249045248BE142009D8E75 /* Networker.swift in Sources */ = {isa = PBXBuildFile; fileRef = 60249044248BE142009D8E75 /* Networker.swift */; };
		60453BBC248D6FB400224303 /* CharacterDetailScreenViewModel.swift in Sources */ = {isa = PBXBuildFile; fileRef = 60453BBB248D6FB400224303 /* CharacterDetailScreenViewModel.swift */; };
		6046B23E249948660010CD9E /* CharacterTopListViewModel.swift in Sources */ = {isa = PBXBuildFile; fileRef = 6046B23D249948660010CD9E /* CharacterTopListViewModel.swift */; };
		6046B24024994C060010CD9E /* CharacterAttributeSection.swift in Sources */ = {isa = PBXBuildFile; fileRef = 6046B23F24994C060010CD9E /* CharacterAttributeSection.swift */; };
		6046B24824994D270010CD9E /* CharacterTopListViewModelTests.swift in Sources */ = {isa = PBXBuildFile; fileRef = 6046B24724994D270010CD9E /* CharacterTopListViewModelTests.swift */; };
		6075E27C248E9BF90038744B /* CharacterThumbnailImage.swift in Sources */ = {isa = PBXBuildFile; fileRef = 6075E27B248E9BF90038744B /* CharacterThumbnailImage.swift */; };
		6075E27E24901D3E0038744B /* Data.swift in Sources */ = {isa = PBXBuildFile; fileRef = 6075E27D24901D3E0038744B /* Data.swift */; };
		6075E28124901ECE0038744B /* DispatchQueue+extensions.swift in Sources */ = {isa = PBXBuildFile; fileRef = 6075E28024901ECE0038744B /* DispatchQueue+extensions.swift */; };
		608FD8F1248BFDA700307B6C /* RedGreenBlue.swift in Sources */ = {isa = PBXBuildFile; fileRef = 608FD8F0248BFDA700307B6C /* RedGreenBlue.swift */; };
		608FD8F3248C048300307B6C /* ColorHelper.swift in Sources */ = {isa = PBXBuildFile; fileRef = 608FD8F2248C048300307B6C /* ColorHelper.swift */; };
		608FD8F7248C07FE00307B6C /* CharacterRow.swift in Sources */ = {isa = PBXBuildFile; fileRef = 608FD8F6248C07FE00307B6C /* CharacterRow.swift */; };
		608FD8F9248C103000307B6C /* characters-ultimate.json in Resources */ = {isa = PBXBuildFile; fileRef = 608FD8F8248C103000307B6C /* characters-ultimate.json */; };
		608FD8FB248C126000307B6C /* characters-smash4.json in Resources */ = {isa = PBXBuildFile; fileRef = 608FD8FA248C126000307B6C /* characters-smash4.json */; };
		608FD8FD248C37F400307B6C /* CodableCharacterMoves.swift in Sources */ = {isa = PBXBuildFile; fileRef = 608FD8FC248C37F400307B6C /* CodableCharacterMoves.swift */; };
		608FD901248C3EE500307B6C /* UrlImageView.swift in Sources */ = {isa = PBXBuildFile; fileRef = 608FD900248C3EE500307B6C /* UrlImageView.swift */; };
		608FD914248D16E500307B6C /* PersistanceManager in Frameworks */ = {isa = PBXBuildFile; productRef = 608FD913248D16E500307B6C /* PersistanceManager */; };
		608FD918248D173100307B6C /* SuperSmashBrosStats.xcdatamodeld in Sources */ = {isa = PBXBuildFile; fileRef = 608FD916248D173100307B6C /* SuperSmashBrosStats.xcdatamodeld */; };
		608FD91A248D174700307B6C /* CONFIG.swift in Sources */ = {isa = PBXBuildFile; fileRef = 608FD919248D174700307B6C /* CONFIG.swift */; };
		608FD91C248D177C00307B6C /* CoreDataManager.swift in Sources */ = {isa = PBXBuildFile; fileRef = 608FD91B248D177C00307B6C /* CoreDataManager.swift */; };
		608FD923248D18D200307B6C /* CachedImage+CoreDataClass.swift in Sources */ = {isa = PBXBuildFile; fileRef = 608FD921248D18D200307B6C /* CachedImage+CoreDataClass.swift */; };
		608FD924248D18D200307B6C /* CachedImage+CoreDataProperties.swift in Sources */ = {isa = PBXBuildFile; fileRef = 608FD922248D18D200307B6C /* CachedImage+CoreDataProperties.swift */; };
		60947DE42496401B0064DF5C /* CharacterTopList.swift in Sources */ = {isa = PBXBuildFile; fileRef = 60947DE32496401B0064DF5C /* CharacterTopList.swift */; };
		60947DE6249642230064DF5C /* TopLister.swift in Sources */ = {isa = PBXBuildFile; fileRef = 60947DE5249642230064DF5C /* TopLister.swift */; };
		60BA09752490B319008CAD96 /* FavoriteButton.swift in Sources */ = {isa = PBXBuildFile; fileRef = 60BA09742490B319008CAD96 /* FavoriteButton.swift */; };
		60C7CB4F248D5042007F43E8 /* UrlImageModel.swift in Sources */ = {isa = PBXBuildFile; fileRef = 60C7CB4E248D5042007F43E8 /* UrlImageModel.swift */; };
		60C7CB51248D508B007F43E8 /* ImageCache.swift in Sources */ = {isa = PBXBuildFile; fileRef = 60C7CB50248D508B007F43E8 /* ImageCache.swift */; };
		60C7CB54248D69D1007F43E8 /* CharacterDetailScreenContentView.swift in Sources */ = {isa = PBXBuildFile; fileRef = 60C7CB53248D69D1007F43E8 /* CharacterDetailScreenContentView.swift */; };
		60DC560B2490B60600205EC7 /* MovesSection.swift in Sources */ = {isa = PBXBuildFile; fileRef = 60DC560A2490B60600205EC7 /* MovesSection.swift */; };
/* End PBXBuildFile section */

/* Begin PBXContainerItemProxy section */
		6046B24A24994D270010CD9E /* PBXContainerItemProxy */ = {
			isa = PBXContainerItemProxy;
			containerPortal = 6024901B248BC151009D8E75 /* Project object */;
			proxyType = 1;
			remoteGlobalIDString = 60249022248BC151009D8E75;
			remoteInfo = SuperSmashBrosStats;
		};
/* End PBXContainerItemProxy section */

/* Begin PBXFileReference section */
		6005000D249574570037C6DF /* ResponderHolder.swift */ = {isa = PBXFileReference; lastKnownFileType = sourcecode.swift; path = ResponderHolder.swift; sourceTree = "<group>"; };
		6005FFB5249566110037C6DF /* characterAttributes-ultimate-71.json */ = {isa = PBXFileReference; fileEncoding = 4; lastKnownFileType = text.json; path = "characterAttributes-ultimate-71.json"; sourceTree = "<group>"; };
		6005FFB6249566110037C6DF /* characterAttributes-ultimate-30.json */ = {isa = PBXFileReference; fileEncoding = 4; lastKnownFileType = text.json; path = "characterAttributes-ultimate-30.json"; sourceTree = "<group>"; };
		6005FFB7249566110037C6DF /* characterAttributes-ultimate-67.json */ = {isa = PBXFileReference; fileEncoding = 4; lastKnownFileType = text.json; path = "characterAttributes-ultimate-67.json"; sourceTree = "<group>"; };
		6005FFB8249566110037C6DF /* characterAttributes-ultimate-2.json */ = {isa = PBXFileReference; fileEncoding = 4; lastKnownFileType = text.json; path = "characterAttributes-ultimate-2.json"; sourceTree = "<group>"; };
		6005FFB9249566110037C6DF /* characterAttributes-ultimate-47.json */ = {isa = PBXFileReference; fileEncoding = 4; lastKnownFileType = text.json; path = "characterAttributes-ultimate-47.json"; sourceTree = "<group>"; };
		6005FFBA249566110037C6DF /* characterAttributes-ultimate-50.json */ = {isa = PBXFileReference; fileEncoding = 4; lastKnownFileType = text.json; path = "characterAttributes-ultimate-50.json"; sourceTree = "<group>"; };
		6005FFBB249566110037C6DF /* characterAttributes-ultimate-46.json */ = {isa = PBXFileReference; fileEncoding = 4; lastKnownFileType = text.json; path = "characterAttributes-ultimate-46.json"; sourceTree = "<group>"; };
		6005FFBC249566110037C6DF /* characterAttributes-ultimate-66.json */ = {isa = PBXFileReference; fileEncoding = 4; lastKnownFileType = text.json; path = "characterAttributes-ultimate-66.json"; sourceTree = "<group>"; };
		6005FFBD249566110037C6DF /* characterAttributes-ultimate-31.json */ = {isa = PBXFileReference; fileEncoding = 4; lastKnownFileType = text.json; path = "characterAttributes-ultimate-31.json"; sourceTree = "<group>"; };
		6005FFBE249566110037C6DF /* characterAttributes-ultimate-70.json */ = {isa = PBXFileReference; fileEncoding = 4; lastKnownFileType = text.json; path = "characterAttributes-ultimate-70.json"; sourceTree = "<group>"; };
		6005FFBF249566110037C6DF /* characterAttributes-ultimate-16.json */ = {isa = PBXFileReference; fileEncoding = 4; lastKnownFileType = text.json; path = "characterAttributes-ultimate-16.json"; sourceTree = "<group>"; };
		6005FFC0249566110037C6DF /* characterAttributes-ultimate-8.json */ = {isa = PBXFileReference; fileEncoding = 4; lastKnownFileType = text.json; path = "characterAttributes-ultimate-8.json"; sourceTree = "<group>"; };
		6005FFC1249566110037C6DF /* characterAttributes-ultimate-57.json */ = {isa = PBXFileReference; fileEncoding = 4; lastKnownFileType = text.json; path = "characterAttributes-ultimate-57.json"; sourceTree = "<group>"; };
		6005FFC2249566110037C6DF /* characterAttributes-ultimate-77.json */ = {isa = PBXFileReference; fileEncoding = 4; lastKnownFileType = text.json; path = "characterAttributes-ultimate-77.json"; sourceTree = "<group>"; };
		6005FFC3249566110037C6DF /* characterAttributes-ultimate-20.json */ = {isa = PBXFileReference; fileEncoding = 4; lastKnownFileType = text.json; path = "characterAttributes-ultimate-20.json"; sourceTree = "<group>"; };
		6005FFC4249566110037C6DF /* characterAttributes-ultimate-61.json */ = {isa = PBXFileReference; fileEncoding = 4; lastKnownFileType = text.json; path = "characterAttributes-ultimate-61.json"; sourceTree = "<group>"; };
		6005FFC5249566110037C6DF /* characterAttributes-ultimate-60.json */ = {isa = PBXFileReference; fileEncoding = 4; lastKnownFileType = text.json; path = "characterAttributes-ultimate-60.json"; sourceTree = "<group>"; };
		6005FFC6249566110037C6DF /* characterAttributes-ultimate-76.json */ = {isa = PBXFileReference; fileEncoding = 4; lastKnownFileType = text.json; path = "characterAttributes-ultimate-76.json"; sourceTree = "<group>"; };
		6005FFC7249566110037C6DF /* characterAttributes-ultimate-40.json */ = {isa = PBXFileReference; fileEncoding = 4; lastKnownFileType = text.json; path = "characterAttributes-ultimate-40.json"; sourceTree = "<group>"; };
		6005FFC8249566110037C6DF /* characterAttributes-ultimate-17.json */ = {isa = PBXFileReference; fileEncoding = 4; lastKnownFileType = text.json; path = "characterAttributes-ultimate-17.json"; sourceTree = "<group>"; };
		6005FFC9249566110037C6DF /* characterAttributes-ultimate-43.json */ = {isa = PBXFileReference; fileEncoding = 4; lastKnownFileType = text.json; path = "characterAttributes-ultimate-43.json"; sourceTree = "<group>"; };
		6005FFCA249566110037C6DF /* characterAttributes-ultimate-14.json */ = {isa = PBXFileReference; fileEncoding = 4; lastKnownFileType = text.json; path = "characterAttributes-ultimate-14.json"; sourceTree = "<group>"; };
		6005FFCB249566110037C6DF /* characterAttributes-ultimate-79.json */ = {isa = PBXFileReference; fileEncoding = 4; lastKnownFileType = text.json; path = "characterAttributes-ultimate-79.json"; sourceTree = "<group>"; };
		6005FFCC249566110037C6DF /* characterAttributes-ultimate-59.json */ = {isa = PBXFileReference; fileEncoding = 4; lastKnownFileType = text.json; path = "characterAttributes-ultimate-59.json"; sourceTree = "<group>"; };
		6005FFCD249566110037C6DF /* characterAttributes-ultimate-63.json */ = {isa = PBXFileReference; fileEncoding = 4; lastKnownFileType = text.json; path = "characterAttributes-ultimate-63.json"; sourceTree = "<group>"; };
		6005FFCE249566110037C6DF /* characterAttributes-ultimate-22.json */ = {isa = PBXFileReference; fileEncoding = 4; lastKnownFileType = text.json; path = "characterAttributes-ultimate-22.json"; sourceTree = "<group>"; };
		6005FFCF249566110037C6DF /* characterAttributes-ultimate-75.json */ = {isa = PBXFileReference; fileEncoding = 4; lastKnownFileType = text.json; path = "characterAttributes-ultimate-75.json"; sourceTree = "<group>"; };
		6005FFD0249566110037C6DF /* characterAttributes-ultimate-74.json */ = {isa = PBXFileReference; fileEncoding = 4; lastKnownFileType = text.json; path = "characterAttributes-ultimate-74.json"; sourceTree = "<group>"; };
		6005FFD1249566110037C6DF /* characterAttributes-ultimate-62.json */ = {isa = PBXFileReference; fileEncoding = 4; lastKnownFileType = text.json; path = "characterAttributes-ultimate-62.json"; sourceTree = "<group>"; };
		6005FFD2249566110037C6DF /* characterAttributes-ultimate-78.json */ = {isa = PBXFileReference; fileEncoding = 4; lastKnownFileType = text.json; path = "characterAttributes-ultimate-78.json"; sourceTree = "<group>"; };
		6005FFD3249566110037C6DF /* characterAttributes-ultimate-39.json */ = {isa = PBXFileReference; fileEncoding = 4; lastKnownFileType = text.json; path = "characterAttributes-ultimate-39.json"; sourceTree = "<group>"; };
		6005FFD4249566110037C6DF /* characterAttributes-ultimate-15.json */ = {isa = PBXFileReference; fileEncoding = 4; lastKnownFileType = text.json; path = "characterAttributes-ultimate-15.json"; sourceTree = "<group>"; };
		6005FFD5249566110037C6DF /* characterAttributes-ultimate-42.json */ = {isa = PBXFileReference; fileEncoding = 4; lastKnownFileType = text.json; path = "characterAttributes-ultimate-42.json"; sourceTree = "<group>"; };
		6005FFD6249566110037C6DF /* characterAttributes-ultimate-54.json */ = {isa = PBXFileReference; fileEncoding = 4; lastKnownFileType = text.json; path = "characterAttributes-ultimate-54.json"; sourceTree = "<group>"; };
		6005FFD7249566110037C6DF /* characterAttributes-ultimate-65.json */ = {isa = PBXFileReference; fileEncoding = 4; lastKnownFileType = text.json; path = "characterAttributes-ultimate-65.json"; sourceTree = "<group>"; };
		6005FFD8249566110037C6DF /* characterAttributes-ultimate-73.json */ = {isa = PBXFileReference; fileEncoding = 4; lastKnownFileType = text.json; path = "characterAttributes-ultimate-73.json"; sourceTree = "<group>"; };
		6005FFD9249566110037C6DF /* characterAttributes-ultimate-45.json */ = {isa = PBXFileReference; fileEncoding = 4; lastKnownFileType = text.json; path = "characterAttributes-ultimate-45.json"; sourceTree = "<group>"; };
		6005FFDA249566110037C6DF /* characterAttributes-ultimate-69.json */ = {isa = PBXFileReference; fileEncoding = 4; lastKnownFileType = text.json; path = "characterAttributes-ultimate-69.json"; sourceTree = "<group>"; };
		6005FFDB249566110037C6DF /* characterAttributes-ultimate-28.json */ = {isa = PBXFileReference; fileEncoding = 4; lastKnownFileType = text.json; path = "characterAttributes-ultimate-28.json"; sourceTree = "<group>"; };
		6005FFDC249566110037C6DF /* characterAttributes-ultimate-68.json */ = {isa = PBXFileReference; fileEncoding = 4; lastKnownFileType = text.json; path = "characterAttributes-ultimate-68.json"; sourceTree = "<group>"; };
		6005FFDD249566110037C6DF /* characterAttributes-ultimate-13.json */ = {isa = PBXFileReference; fileEncoding = 4; lastKnownFileType = text.json; path = "characterAttributes-ultimate-13.json"; sourceTree = "<group>"; };
		6005FFDE249566110037C6DF /* characterAttributes-ultimate-72.json */ = {isa = PBXFileReference; fileEncoding = 4; lastKnownFileType = text.json; path = "characterAttributes-ultimate-72.json"; sourceTree = "<group>"; };
		6005FFDF249566110037C6DF /* characterAttributes-ultimate-25.json */ = {isa = PBXFileReference; fileEncoding = 4; lastKnownFileType = text.json; path = "characterAttributes-ultimate-25.json"; sourceTree = "<group>"; };
		6005FFE0249566110037C6DF /* characterAttributes-ultimate-64.json */ = {isa = PBXFileReference; fileEncoding = 4; lastKnownFileType = text.json; path = "characterAttributes-ultimate-64.json"; sourceTree = "<group>"; };
		6007B56F24913E65009FD263 /* CharacterAttributes.swift */ = {isa = PBXFileReference; lastKnownFileType = sourcecode.swift; path = CharacterAttributes.swift; sourceTree = "<group>"; };
		600C2D4A2493542500D0FD6C /* CharacterMovesScreenContentView.swift */ = {isa = PBXFileReference; lastKnownFileType = sourcecode.swift; path = CharacterMovesScreenContentView.swift; sourceTree = "<group>"; };
		600C2D4C2493597300D0FD6C /* CharacterMovesScreenViewModel.swift */ = {isa = PBXFileReference; lastKnownFileType = sourcecode.swift; path = CharacterMovesScreenViewModel.swift; sourceTree = "<group>"; };
		600C2D4E2494F1C000D0FD6C /* CharacterAttributesRow.swift */ = {isa = PBXFileReference; lastKnownFileType = sourcecode.swift; path = CharacterAttributesRow.swift; sourceTree = "<group>"; };
		600C2D502494F75000D0FD6C /* UserDataModel.swift */ = {isa = PBXFileReference; lastKnownFileType = sourcecode.swift; path = UserDataModel.swift; sourceTree = "<group>"; };
		600C2D522494F89500D0FD6C /* FavoritedCharacter+CoreDataClass.swift */ = {isa = PBXFileReference; lastKnownFileType = sourcecode.swift; path = "FavoritedCharacter+CoreDataClass.swift"; sourceTree = "<group>"; };
		600C2D532494F89500D0FD6C /* FavoritedCharacter+CoreDataProperties.swift */ = {isa = PBXFileReference; lastKnownFileType = sourcecode.swift; path = "FavoritedCharacter+CoreDataProperties.swift"; sourceTree = "<group>"; };
		60249023248BC151009D8E75 /* SuperSmashBrosStats.app */ = {isa = PBXFileReference; explicitFileType = wrapper.application; includeInIndex = 0; path = SuperSmashBrosStats.app; sourceTree = BUILT_PRODUCTS_DIR; };
		60249026248BC151009D8E75 /* AppDelegate.swift */ = {isa = PBXFileReference; lastKnownFileType = sourcecode.swift; path = AppDelegate.swift; sourceTree = "<group>"; };
		60249028248BC151009D8E75 /* SceneDelegate.swift */ = {isa = PBXFileReference; lastKnownFileType = sourcecode.swift; path = SceneDelegate.swift; sourceTree = "<group>"; };
		6024902C248BC152009D8E75 /* Assets.xcassets */ = {isa = PBXFileReference; lastKnownFileType = folder.assetcatalog; path = Assets.xcassets; sourceTree = "<group>"; };
		6024902F248BC152009D8E75 /* Preview Assets.xcassets */ = {isa = PBXFileReference; lastKnownFileType = folder.assetcatalog; path = "Preview Assets.xcassets"; sourceTree = "<group>"; };
		60249032248BC152009D8E75 /* Base */ = {isa = PBXFileReference; lastKnownFileType = file.storyboard; name = Base; path = Base.lproj/LaunchScreen.storyboard; sourceTree = "<group>"; };
		60249034248BC152009D8E75 /* Info.plist */ = {isa = PBXFileReference; lastKnownFileType = text.plist.xml; path = Info.plist; sourceTree = "<group>"; };
		6024903C248BE05D009D8E75 /* HomeScreenContentView.swift */ = {isa = PBXFileReference; lastKnownFileType = sourcecode.swift; path = HomeScreenContentView.swift; sourceTree = "<group>"; };
		6024903F248BE0B2009D8E75 /* HomeScreenViewModel.swift */ = {isa = PBXFileReference; lastKnownFileType = sourcecode.swift; path = HomeScreenViewModel.swift; sourceTree = "<group>"; };
		60249041248BE116009D8E75 /* Character.swift */ = {isa = PBXFileReference; lastKnownFileType = sourcecode.swift; path = Character.swift; sourceTree = "<group>"; };
		60249044248BE142009D8E75 /* Networker.swift */ = {isa = PBXFileReference; lastKnownFileType = sourcecode.swift; path = Networker.swift; sourceTree = "<group>"; };
		60453BBB248D6FB400224303 /* CharacterDetailScreenViewModel.swift */ = {isa = PBXFileReference; lastKnownFileType = sourcecode.swift; path = CharacterDetailScreenViewModel.swift; sourceTree = "<group>"; };
		6046B23D249948660010CD9E /* CharacterTopListViewModel.swift */ = {isa = PBXFileReference; lastKnownFileType = sourcecode.swift; path = CharacterTopListViewModel.swift; sourceTree = "<group>"; };
		6046B23F24994C060010CD9E /* CharacterAttributeSection.swift */ = {isa = PBXFileReference; lastKnownFileType = sourcecode.swift; path = CharacterAttributeSection.swift; sourceTree = "<group>"; };
		6046B24524994D270010CD9E /* SuperSmashBrosStatsTests.xctest */ = {isa = PBXFileReference; explicitFileType = wrapper.cfbundle; includeInIndex = 0; path = SuperSmashBrosStatsTests.xctest; sourceTree = BUILT_PRODUCTS_DIR; };
		6046B24724994D270010CD9E /* CharacterTopListViewModelTests.swift */ = {isa = PBXFileReference; lastKnownFileType = sourcecode.swift; path = CharacterTopListViewModelTests.swift; sourceTree = "<group>"; };
		6046B24924994D270010CD9E /* Info.plist */ = {isa = PBXFileReference; lastKnownFileType = text.plist.xml; path = Info.plist; sourceTree = "<group>"; };
		6075E27B248E9BF90038744B /* CharacterThumbnailImage.swift */ = {isa = PBXFileReference; lastKnownFileType = sourcecode.swift; path = CharacterThumbnailImage.swift; sourceTree = "<group>"; };
		6075E27D24901D3E0038744B /* Data.swift */ = {isa = PBXFileReference; lastKnownFileType = sourcecode.swift; path = Data.swift; sourceTree = "<group>"; };
		6075E28024901ECE0038744B /* DispatchQueue+extensions.swift */ = {isa = PBXFileReference; lastKnownFileType = sourcecode.swift; path = "DispatchQueue+extensions.swift"; sourceTree = "<group>"; };
		608FD8F0248BFDA700307B6C /* RedGreenBlue.swift */ = {isa = PBXFileReference; lastKnownFileType = sourcecode.swift; path = RedGreenBlue.swift; sourceTree = "<group>"; };
		608FD8F2248C048300307B6C /* ColorHelper.swift */ = {isa = PBXFileReference; lastKnownFileType = sourcecode.swift; path = ColorHelper.swift; sourceTree = "<group>"; };
		608FD8F6248C07FE00307B6C /* CharacterRow.swift */ = {isa = PBXFileReference; lastKnownFileType = sourcecode.swift; path = CharacterRow.swift; sourceTree = "<group>"; };
		608FD8F8248C103000307B6C /* characters-ultimate.json */ = {isa = PBXFileReference; fileEncoding = 4; lastKnownFileType = text.json; path = "characters-ultimate.json"; sourceTree = "<group>"; };
		608FD8FA248C126000307B6C /* characters-smash4.json */ = {isa = PBXFileReference; fileEncoding = 4; lastKnownFileType = text.json; path = "characters-smash4.json"; sourceTree = "<group>"; };
		608FD8FC248C37F400307B6C /* CodableCharacterMoves.swift */ = {isa = PBXFileReference; lastKnownFileType = sourcecode.swift; path = CodableCharacterMoves.swift; sourceTree = "<group>"; };
		608FD900248C3EE500307B6C /* UrlImageView.swift */ = {isa = PBXFileReference; lastKnownFileType = sourcecode.swift; path = UrlImageView.swift; sourceTree = "<group>"; };
		608FD917248D173100307B6C /* SuperSmashBrosStats.xcdatamodel */ = {isa = PBXFileReference; lastKnownFileType = wrapper.xcdatamodel; path = SuperSmashBrosStats.xcdatamodel; sourceTree = "<group>"; };
		608FD919248D174700307B6C /* CONFIG.swift */ = {isa = PBXFileReference; lastKnownFileType = sourcecode.swift; path = CONFIG.swift; sourceTree = "<group>"; };
		608FD91B248D177C00307B6C /* CoreDataManager.swift */ = {isa = PBXFileReference; lastKnownFileType = sourcecode.swift; path = CoreDataManager.swift; sourceTree = "<group>"; };
		608FD921248D18D200307B6C /* CachedImage+CoreDataClass.swift */ = {isa = PBXFileReference; fileEncoding = 4; lastKnownFileType = sourcecode.swift; path = "CachedImage+CoreDataClass.swift"; sourceTree = "<group>"; };
		608FD922248D18D200307B6C /* CachedImage+CoreDataProperties.swift */ = {isa = PBXFileReference; fileEncoding = 4; lastKnownFileType = sourcecode.swift; path = "CachedImage+CoreDataProperties.swift"; sourceTree = "<group>"; };
		60947DE32496401B0064DF5C /* CharacterTopList.swift */ = {isa = PBXFileReference; lastKnownFileType = sourcecode.swift; path = CharacterTopList.swift; sourceTree = "<group>"; };
		60947DE5249642230064DF5C /* TopLister.swift */ = {isa = PBXFileReference; lastKnownFileType = sourcecode.swift; path = TopLister.swift; sourceTree = "<group>"; };
		60BA09742490B319008CAD96 /* FavoriteButton.swift */ = {isa = PBXFileReference; lastKnownFileType = sourcecode.swift; path = FavoriteButton.swift; sourceTree = "<group>"; };
		60C7CB4E248D5042007F43E8 /* UrlImageModel.swift */ = {isa = PBXFileReference; lastKnownFileType = sourcecode.swift; path = UrlImageModel.swift; sourceTree = "<group>"; };
		60C7CB50248D508B007F43E8 /* ImageCache.swift */ = {isa = PBXFileReference; lastKnownFileType = sourcecode.swift; path = ImageCache.swift; sourceTree = "<group>"; };
		60C7CB53248D69D1007F43E8 /* CharacterDetailScreenContentView.swift */ = {isa = PBXFileReference; lastKnownFileType = sourcecode.swift; path = CharacterDetailScreenContentView.swift; sourceTree = "<group>"; };
		60DC560A2490B60600205EC7 /* MovesSection.swift */ = {isa = PBXFileReference; lastKnownFileType = sourcecode.swift; path = MovesSection.swift; sourceTree = "<group>"; };
/* End PBXFileReference section */

/* Begin PBXFrameworksBuildPhase section */
		60249020248BC151009D8E75 /* Frameworks */ = {
			isa = PBXFrameworksBuildPhase;
			buildActionMask = 2147483647;
			files = (
				608FD914248D16E500307B6C /* PersistanceManager in Frameworks */,
			);
			runOnlyForDeploymentPostprocessing = 0;
		};
		6046B24224994D270010CD9E /* Frameworks */ = {
			isa = PBXFrameworksBuildPhase;
			buildActionMask = 2147483647;
			files = (
			);
			runOnlyForDeploymentPostprocessing = 0;
		};
/* End PBXFrameworksBuildPhase section */

/* Begin PBXGroup section */
		6005FFB4249566110037C6DF /* characterAttributes */ = {
			isa = PBXGroup;
			children = (
				6005FFB5249566110037C6DF /* characterAttributes-ultimate-71.json */,
				6005FFB6249566110037C6DF /* characterAttributes-ultimate-30.json */,
				6005FFB7249566110037C6DF /* characterAttributes-ultimate-67.json */,
				6005FFB8249566110037C6DF /* characterAttributes-ultimate-2.json */,
				6005FFB9249566110037C6DF /* characterAttributes-ultimate-47.json */,
				6005FFBA249566110037C6DF /* characterAttributes-ultimate-50.json */,
				6005FFBB249566110037C6DF /* characterAttributes-ultimate-46.json */,
				6005FFBC249566110037C6DF /* characterAttributes-ultimate-66.json */,
				6005FFBD249566110037C6DF /* characterAttributes-ultimate-31.json */,
				6005FFBE249566110037C6DF /* characterAttributes-ultimate-70.json */,
				6005FFBF249566110037C6DF /* characterAttributes-ultimate-16.json */,
				6005FFC0249566110037C6DF /* characterAttributes-ultimate-8.json */,
				6005FFC1249566110037C6DF /* characterAttributes-ultimate-57.json */,
				6005FFC2249566110037C6DF /* characterAttributes-ultimate-77.json */,
				6005FFC3249566110037C6DF /* characterAttributes-ultimate-20.json */,
				6005FFC4249566110037C6DF /* characterAttributes-ultimate-61.json */,
				6005FFC5249566110037C6DF /* characterAttributes-ultimate-60.json */,
				6005FFC6249566110037C6DF /* characterAttributes-ultimate-76.json */,
				6005FFC7249566110037C6DF /* characterAttributes-ultimate-40.json */,
				6005FFC8249566110037C6DF /* characterAttributes-ultimate-17.json */,
				6005FFC9249566110037C6DF /* characterAttributes-ultimate-43.json */,
				6005FFCA249566110037C6DF /* characterAttributes-ultimate-14.json */,
				6005FFCB249566110037C6DF /* characterAttributes-ultimate-79.json */,
				6005FFCC249566110037C6DF /* characterAttributes-ultimate-59.json */,
				6005FFCD249566110037C6DF /* characterAttributes-ultimate-63.json */,
				6005FFCE249566110037C6DF /* characterAttributes-ultimate-22.json */,
				6005FFCF249566110037C6DF /* characterAttributes-ultimate-75.json */,
				6005FFD0249566110037C6DF /* characterAttributes-ultimate-74.json */,
				6005FFD1249566110037C6DF /* characterAttributes-ultimate-62.json */,
				6005FFD2249566110037C6DF /* characterAttributes-ultimate-78.json */,
				6005FFD3249566110037C6DF /* characterAttributes-ultimate-39.json */,
				6005FFD4249566110037C6DF /* characterAttributes-ultimate-15.json */,
				6005FFD5249566110037C6DF /* characterAttributes-ultimate-42.json */,
				6005FFD6249566110037C6DF /* characterAttributes-ultimate-54.json */,
				6005FFD7249566110037C6DF /* characterAttributes-ultimate-65.json */,
				6005FFD8249566110037C6DF /* characterAttributes-ultimate-73.json */,
				6005FFD9249566110037C6DF /* characterAttributes-ultimate-45.json */,
				6005FFDA249566110037C6DF /* characterAttributes-ultimate-69.json */,
				6005FFDB249566110037C6DF /* characterAttributes-ultimate-28.json */,
				6005FFDC249566110037C6DF /* characterAttributes-ultimate-68.json */,
				6005FFDD249566110037C6DF /* characterAttributes-ultimate-13.json */,
				6005FFDE249566110037C6DF /* characterAttributes-ultimate-72.json */,
				6005FFDF249566110037C6DF /* characterAttributes-ultimate-25.json */,
				6005FFE0249566110037C6DF /* characterAttributes-ultimate-64.json */,
			);
			path = characterAttributes;
			sourceTree = "<group>";
		};
		600C2D49249353ED00D0FD6C /* CharacterMoves */ = {
			isa = PBXGroup;
			children = (
				600C2D4A2493542500D0FD6C /* CharacterMovesScreenContentView.swift */,
			);
			path = CharacterMoves;
			sourceTree = "<group>";
		};
		600C2D562494F8B700D0FD6C /* FavoritedCharacter */ = {
			isa = PBXGroup;
			children = (
				600C2D522494F89500D0FD6C /* FavoritedCharacter+CoreDataClass.swift */,
				600C2D532494F89500D0FD6C /* FavoritedCharacter+CoreDataProperties.swift */,
			);
			path = FavoritedCharacter;
			sourceTree = "<group>";
		};
		6024901A248BC151009D8E75 = {
			isa = PBXGroup;
			children = (
				60249025248BC151009D8E75 /* SuperSmashBrosStats */,
				6046B24624994D270010CD9E /* SuperSmashBrosStatsTests */,
				60249024248BC151009D8E75 /* Products */,
			);
			sourceTree = "<group>";
		};
		60249024248BC151009D8E75 /* Products */ = {
			isa = PBXGroup;
			children = (
				60249023248BC151009D8E75 /* SuperSmashBrosStats.app */,
				6046B24524994D270010CD9E /* SuperSmashBrosStatsTests.xctest */,
			);
			name = Products;
			sourceTree = "<group>";
		};
		60249025248BC151009D8E75 /* SuperSmashBrosStats */ = {
			isa = PBXGroup;
			children = (
				6024903A248BE025009D8E75 /* Source */,
				60249026248BC151009D8E75 /* AppDelegate.swift */,
				60249028248BC151009D8E75 /* SceneDelegate.swift */,
				608FD919248D174700307B6C /* CONFIG.swift */,
				6024902C248BC152009D8E75 /* Assets.xcassets */,
				60249031248BC152009D8E75 /* LaunchScreen.storyboard */,
				60249034248BC152009D8E75 /* Info.plist */,
				6024902E248BC152009D8E75 /* Preview Content */,
			);
			path = SuperSmashBrosStats;
			sourceTree = "<group>";
		};
		6024902E248BC152009D8E75 /* Preview Content */ = {
			isa = PBXGroup;
			children = (
				6024902F248BC152009D8E75 /* Preview Assets.xcassets */,
			);
			path = "Preview Content";
			sourceTree = "<group>";
		};
		6024903A248BE025009D8E75 /* Source */ = {
			isa = PBXGroup;
			children = (
				6075E27F24901EB20038744B /* Extensions */,
				608FD8F4248C073C00307B6C /* SupportingViews */,
				608FD8ED248BF63F00307B6C /* Resources */,
				60249043248BE133009D8E75 /* Utilities */,
				6024903E248BE09E009D8E75 /* Models */,
				6024903B248BE033009D8E75 /* Screens */,
			);
			path = Source;
			sourceTree = "<group>";
		};
		6024903B248BE033009D8E75 /* Screens */ = {
			isa = PBXGroup;
			children = (
				60947DE2249640000064DF5C /* CharacterTopList */,
				600C2D49249353ED00D0FD6C /* CharacterMoves */,
				60C7CB52248D699E007F43E8 /* CharacterDetail */,
				609F247D248BE45200E2EF5F /* Home */,
			);
			path = Screens;
			sourceTree = "<group>";
		};
		6024903E248BE09E009D8E75 /* Models */ = {
			isa = PBXGroup;
			children = (
				608FD915248D16F300307B6C /* CoreData */,
				60249047248BE17D009D8E75 /* DataStructures */,
				60249046248BE173009D8E75 /* ViewModels */,
				6075E27D24901D3E0038744B /* Data.swift */,
			);
			path = Models;
			sourceTree = "<group>";
		};
		60249043248BE133009D8E75 /* Utilities */ = {
			isa = PBXGroup;
			children = (
				60249044248BE142009D8E75 /* Networker.swift */,
				608FD8F2248C048300307B6C /* ColorHelper.swift */,
				608FD91B248D177C00307B6C /* CoreDataManager.swift */,
				60C7CB50248D508B007F43E8 /* ImageCache.swift */,
				6005000D249574570037C6DF /* ResponderHolder.swift */,
				60947DE5249642230064DF5C /* TopLister.swift */,
			);
			path = Utilities;
			sourceTree = "<group>";
		};
		60249046248BE173009D8E75 /* ViewModels */ = {
			isa = PBXGroup;
			children = (
				6024903F248BE0B2009D8E75 /* HomeScreenViewModel.swift */,
				60C7CB4E248D5042007F43E8 /* UrlImageModel.swift */,
				60453BBB248D6FB400224303 /* CharacterDetailScreenViewModel.swift */,
				600C2D4C2493597300D0FD6C /* CharacterMovesScreenViewModel.swift */,
				600C2D502494F75000D0FD6C /* UserDataModel.swift */,
				6046B23D249948660010CD9E /* CharacterTopListViewModel.swift */,
			);
			path = ViewModels;
			sourceTree = "<group>";
		};
		60249047248BE17D009D8E75 /* DataStructures */ = {
			isa = PBXGroup;
			children = (
				60249041248BE116009D8E75 /* Character.swift */,
				608FD8FC248C37F400307B6C /* CodableCharacterMoves.swift */,
				6007B56F24913E65009FD263 /* CharacterAttributes.swift */,
				608FD8F0248BFDA700307B6C /* RedGreenBlue.swift */,
			);
			path = DataStructures;
			sourceTree = "<group>";
		};
		6046B24624994D270010CD9E /* SuperSmashBrosStatsTests */ = {
			isa = PBXGroup;
			children = (
				6046B24724994D270010CD9E /* CharacterTopListViewModelTests.swift */,
				6046B24924994D270010CD9E /* Info.plist */,
			);
			path = SuperSmashBrosStatsTests;
			sourceTree = "<group>";
		};
		6072347D24902CEA0005E639 /* characters */ = {
			isa = PBXGroup;
			children = (
				608FD8F8248C103000307B6C /* characters-ultimate.json */,
				608FD8FA248C126000307B6C /* characters-smash4.json */,
			);
			path = characters;
			sourceTree = "<group>";
		};
		6072347E24902CF90005E639 /* Data */ = {
			isa = PBXGroup;
			children = (
				6005FFB4249566110037C6DF /* characterAttributes */,
				6072347D24902CEA0005E639 /* characters */,
			);
			path = Data;
			sourceTree = "<group>";
		};
		6075E27F24901EB20038744B /* Extensions */ = {
			isa = PBXGroup;
			children = (
				6075E28024901ECE0038744B /* DispatchQueue+extensions.swift */,
			);
			path = Extensions;
			sourceTree = "<group>";
		};
		608FD8ED248BF63F00307B6C /* Resources */ = {
			isa = PBXGroup;
			children = (
				6072347E24902CF90005E639 /* Data */,
			);
			path = Resources;
			sourceTree = "<group>";
		};
		608FD8F4248C073C00307B6C /* SupportingViews */ = {
			isa = PBXGroup;
			children = (
				608FD8F6248C07FE00307B6C /* CharacterRow.swift */,
				608FD900248C3EE500307B6C /* UrlImageView.swift */,
				6075E27B248E9BF90038744B /* CharacterThumbnailImage.swift */,
				60BA09742490B319008CAD96 /* FavoriteButton.swift */,
				60DC560A2490B60600205EC7 /* MovesSection.swift */,
				600C2D4E2494F1C000D0FD6C /* CharacterAttributesRow.swift */,
				6046B23F24994C060010CD9E /* CharacterAttributeSection.swift */,
			);
			path = SupportingViews;
			sourceTree = "<group>";
		};
		608FD915248D16F300307B6C /* CoreData */ = {
			isa = PBXGroup;
			children = (
				600C2D562494F8B700D0FD6C /* FavoritedCharacter */,
				608FD925248D18F300307B6C /* CachedImage */,
				608FD916248D173100307B6C /* SuperSmashBrosStats.xcdatamodeld */,
			);
			path = CoreData;
			sourceTree = "<group>";
		};
		608FD925248D18F300307B6C /* CachedImage */ = {
			isa = PBXGroup;
			children = (
				608FD921248D18D200307B6C /* CachedImage+CoreDataClass.swift */,
				608FD922248D18D200307B6C /* CachedImage+CoreDataProperties.swift */,
			);
			path = CachedImage;
			sourceTree = "<group>";
		};
		60947DE2249640000064DF5C /* CharacterTopList */ = {
			isa = PBXGroup;
			children = (
				60947DE32496401B0064DF5C /* CharacterTopList.swift */,
			);
			path = CharacterTopList;
			sourceTree = "<group>";
		};
		609F247D248BE45200E2EF5F /* Home */ = {
			isa = PBXGroup;
			children = (
				6024903C248BE05D009D8E75 /* HomeScreenContentView.swift */,
			);
			path = Home;
			sourceTree = "<group>";
		};
		60C7CB52248D699E007F43E8 /* CharacterDetail */ = {
			isa = PBXGroup;
			children = (
				60C7CB53248D69D1007F43E8 /* CharacterDetailScreenContentView.swift */,
			);
			path = CharacterDetail;
			sourceTree = "<group>";
		};
/* End PBXGroup section */

/* Begin PBXNativeTarget section */
		60249022248BC151009D8E75 /* SuperSmashBrosStats */ = {
			isa = PBXNativeTarget;
			buildConfigurationList = 60249037248BC152009D8E75 /* Build configuration list for PBXNativeTarget "SuperSmashBrosStats" */;
			buildPhases = (
				6024901F248BC151009D8E75 /* Sources */,
				60249020248BC151009D8E75 /* Frameworks */,
				60249021248BC151009D8E75 /* Resources */,
			);
			buildRules = (
			);
			dependencies = (
			);
			name = SuperSmashBrosStats;
			packageProductDependencies = (
				608FD913248D16E500307B6C /* PersistanceManager */,
			);
			productName = SuperSmashBrosStats;
			productReference = 60249023248BC151009D8E75 /* SuperSmashBrosStats.app */;
			productType = "com.apple.product-type.application";
		};
		6046B24424994D270010CD9E /* SuperSmashBrosStatsTests */ = {
			isa = PBXNativeTarget;
			buildConfigurationList = 6046B24C24994D270010CD9E /* Build configuration list for PBXNativeTarget "SuperSmashBrosStatsTests" */;
			buildPhases = (
				6046B24124994D270010CD9E /* Sources */,
				6046B24224994D270010CD9E /* Frameworks */,
				6046B24324994D270010CD9E /* Resources */,
			);
			buildRules = (
			);
			dependencies = (
				6046B24B24994D270010CD9E /* PBXTargetDependency */,
			);
			name = SuperSmashBrosStatsTests;
			productName = SuperSmashBrosStatsTests;
			productReference = 6046B24524994D270010CD9E /* SuperSmashBrosStatsTests.xctest */;
			productType = "com.apple.product-type.bundle.unit-test";
		};
/* End PBXNativeTarget section */

/* Begin PBXProject section */
		6024901B248BC151009D8E75 /* Project object */ = {
			isa = PBXProject;
			attributes = {
				LastSwiftUpdateCheck = 1150;
				LastUpgradeCheck = 1150;
				ORGANIZATIONNAME = Kamaal;
				TargetAttributes = {
					60249022248BC151009D8E75 = {
						CreatedOnToolsVersion = 11.5;
					};
					6046B24424994D270010CD9E = {
						CreatedOnToolsVersion = 11.5;
						TestTargetID = 60249022248BC151009D8E75;
					};
				};
			};
			buildConfigurationList = 6024901E248BC151009D8E75 /* Build configuration list for PBXProject "SuperSmashBrosStats" */;
			compatibilityVersion = "Xcode 9.3";
			developmentRegion = en;
			hasScannedForEncodings = 0;
			knownRegions = (
				en,
				Base,
			);
			mainGroup = 6024901A248BC151009D8E75;
			packageReferences = (
				608FD912248D16E500307B6C /* XCRemoteSwiftPackageReference "PersistanceManager" */,
			);
			productRefGroup = 60249024248BC151009D8E75 /* Products */;
			projectDirPath = "";
			projectRoot = "";
			targets = (
				60249022248BC151009D8E75 /* SuperSmashBrosStats */,
				6046B24424994D270010CD9E /* SuperSmashBrosStatsTests */,
			);
		};
/* End PBXProject section */

/* Begin PBXResourcesBuildPhase section */
		60249021248BC151009D8E75 /* Resources */ = {
			isa = PBXResourcesBuildPhase;
			buildActionMask = 2147483647;
			files = (
				60050007249566110037C6DF /* characterAttributes-ultimate-28.json in Resources */,
				6005FFF1249566110037C6DF /* characterAttributes-ultimate-60.json in Resources */,
				60050004249566110037C6DF /* characterAttributes-ultimate-73.json in Resources */,
				6005FFF9249566110037C6DF /* characterAttributes-ultimate-63.json in Resources */,
				60050001249566110037C6DF /* characterAttributes-ultimate-42.json in Resources */,
				6005000B249566110037C6DF /* characterAttributes-ultimate-25.json in Resources */,
				6005FFFD249566110037C6DF /* characterAttributes-ultimate-62.json in Resources */,
				6005FFF5249566110037C6DF /* characterAttributes-ultimate-43.json in Resources */,
				60050006249566110037C6DF /* characterAttributes-ultimate-69.json in Resources */,
				6005FFFE249566110037C6DF /* characterAttributes-ultimate-78.json in Resources */,
				6005FFE9249566110037C6DF /* characterAttributes-ultimate-31.json in Resources */,
				6005FFFA249566110037C6DF /* characterAttributes-ultimate-22.json in Resources */,
				6005FFF0249566110037C6DF /* characterAttributes-ultimate-61.json in Resources */,
				6005FFF2249566110037C6DF /* characterAttributes-ultimate-76.json in Resources */,
				6005FFE7249566110037C6DF /* characterAttributes-ultimate-46.json in Resources */,
				60050000249566110037C6DF /* characterAttributes-ultimate-15.json in Resources */,
				6005FFE2249566110037C6DF /* characterAttributes-ultimate-30.json in Resources */,
				60249033248BC152009D8E75 /* LaunchScreen.storyboard in Resources */,
				60249030248BC152009D8E75 /* Preview Assets.xcassets in Resources */,
				6005FFEE249566110037C6DF /* characterAttributes-ultimate-77.json in Resources */,
				6005000C249566110037C6DF /* characterAttributes-ultimate-64.json in Resources */,
				6005FFEB249566110037C6DF /* characterAttributes-ultimate-16.json in Resources */,
				60050003249566110037C6DF /* characterAttributes-ultimate-65.json in Resources */,
				6005FFE3249566110037C6DF /* characterAttributes-ultimate-67.json in Resources */,
				6005FFEF249566110037C6DF /* characterAttributes-ultimate-20.json in Resources */,
				6005FFE4249566110037C6DF /* characterAttributes-ultimate-2.json in Resources */,
				6005FFE1249566110037C6DF /* characterAttributes-ultimate-71.json in Resources */,
				6024902D248BC152009D8E75 /* Assets.xcassets in Resources */,
				6005FFE5249566110037C6DF /* characterAttributes-ultimate-47.json in Resources */,
				608FD8FB248C126000307B6C /* characters-smash4.json in Resources */,
				6005FFFF249566110037C6DF /* characterAttributes-ultimate-39.json in Resources */,
				6005FFF7249566110037C6DF /* characterAttributes-ultimate-79.json in Resources */,
				60050008249566110037C6DF /* characterAttributes-ultimate-68.json in Resources */,
				6005FFEC249566110037C6DF /* characterAttributes-ultimate-8.json in Resources */,
				6005FFF6249566110037C6DF /* characterAttributes-ultimate-14.json in Resources */,
				6005FFFC249566110037C6DF /* characterAttributes-ultimate-74.json in Resources */,
				6005000A249566110037C6DF /* characterAttributes-ultimate-72.json in Resources */,
				60050002249566110037C6DF /* characterAttributes-ultimate-54.json in Resources */,
				6005FFF3249566110037C6DF /* characterAttributes-ultimate-40.json in Resources */,
				60050005249566110037C6DF /* characterAttributes-ultimate-45.json in Resources */,
				6005FFE8249566110037C6DF /* characterAttributes-ultimate-66.json in Resources */,
				6005FFF4249566110037C6DF /* characterAttributes-ultimate-17.json in Resources */,
				6005FFFB249566110037C6DF /* characterAttributes-ultimate-75.json in Resources */,
				6005FFEA249566110037C6DF /* characterAttributes-ultimate-70.json in Resources */,
				6005FFE6249566110037C6DF /* characterAttributes-ultimate-50.json in Resources */,
				60050009249566110037C6DF /* characterAttributes-ultimate-13.json in Resources */,
				6005FFF8249566110037C6DF /* characterAttributes-ultimate-59.json in Resources */,
				6005FFED249566110037C6DF /* characterAttributes-ultimate-57.json in Resources */,
				608FD8F9248C103000307B6C /* characters-ultimate.json in Resources */,
			);
			runOnlyForDeploymentPostprocessing = 0;
		};
		6046B24324994D270010CD9E /* Resources */ = {
			isa = PBXResourcesBuildPhase;
			buildActionMask = 2147483647;
			files = (
			);
			runOnlyForDeploymentPostprocessing = 0;
		};
/* End PBXResourcesBuildPhase section */

/* Begin PBXSourcesBuildPhase section */
		6024901F248BC151009D8E75 /* Sources */ = {
			isa = PBXSourcesBuildPhase;
			buildActionMask = 2147483647;
			files = (
				608FD8F7248C07FE00307B6C /* CharacterRow.swift in Sources */,
				608FD901248C3EE500307B6C /* UrlImageView.swift in Sources */,
				608FD91A248D174700307B6C /* CONFIG.swift in Sources */,
				60BA09752490B319008CAD96 /* FavoriteButton.swift in Sources */,
				60C7CB54248D69D1007F43E8 /* CharacterDetailScreenContentView.swift in Sources */,
				60947DE42496401B0064DF5C /* CharacterTopList.swift in Sources */,
				60249027248BC151009D8E75 /* AppDelegate.swift in Sources */,
				600C2D4F2494F1C000D0FD6C /* CharacterAttributesRow.swift in Sources */,
				608FD8F1248BFDA700307B6C /* RedGreenBlue.swift in Sources */,
				60249045248BE142009D8E75 /* Networker.swift in Sources */,
				6024903D248BE05D009D8E75 /* HomeScreenContentView.swift in Sources */,
				608FD8F3248C048300307B6C /* ColorHelper.swift in Sources */,
				60DC560B2490B60600205EC7 /* MovesSection.swift in Sources */,
				600C2D512494F75000D0FD6C /* UserDataModel.swift in Sources */,
				6075E28124901ECE0038744B /* DispatchQueue+extensions.swift in Sources */,
				608FD8FD248C37F400307B6C /* CodableCharacterMoves.swift in Sources */,
				60C7CB51248D508B007F43E8 /* ImageCache.swift in Sources */,
				60249029248BC151009D8E75 /* SceneDelegate.swift in Sources */,
				60249042248BE116009D8E75 /* Character.swift in Sources */,
				6005000E249574570037C6DF /* ResponderHolder.swift in Sources */,
				600C2D552494F89500D0FD6C /* FavoritedCharacter+CoreDataProperties.swift in Sources */,
				6075E27E24901D3E0038744B /* Data.swift in Sources */,
				608FD923248D18D200307B6C /* CachedImage+CoreDataClass.swift in Sources */,
				60249040248BE0B2009D8E75 /* HomeScreenViewModel.swift in Sources */,
				600C2D4B2493542500D0FD6C /* CharacterMovesScreenContentView.swift in Sources */,
				60947DE6249642230064DF5C /* TopLister.swift in Sources */,
				6046B23E249948660010CD9E /* CharacterTopListViewModel.swift in Sources */,
				608FD918248D173100307B6C /* SuperSmashBrosStats.xcdatamodeld in Sources */,
				600C2D4D2493597300D0FD6C /* CharacterMovesScreenViewModel.swift in Sources */,
				608FD91C248D177C00307B6C /* CoreDataManager.swift in Sources */,
				608FD924248D18D200307B6C /* CachedImage+CoreDataProperties.swift in Sources */,
				60453BBC248D6FB400224303 /* CharacterDetailScreenViewModel.swift in Sources */,
				6075E27C248E9BF90038744B /* CharacterThumbnailImage.swift in Sources */,
				6007B57024913E66009FD263 /* CharacterAttributes.swift in Sources */,
				600C2D542494F89500D0FD6C /* FavoritedCharacter+CoreDataClass.swift in Sources */,
				6046B24024994C060010CD9E /* CharacterAttributeSection.swift in Sources */,
				60C7CB4F248D5042007F43E8 /* UrlImageModel.swift in Sources */,
			);
			runOnlyForDeploymentPostprocessing = 0;
		};
		6046B24124994D270010CD9E /* Sources */ = {
			isa = PBXSourcesBuildPhase;
			buildActionMask = 2147483647;
			files = (
				6046B24824994D270010CD9E /* CharacterTopListViewModelTests.swift in Sources */,
			);
			runOnlyForDeploymentPostprocessing = 0;
		};
/* End PBXSourcesBuildPhase section */

/* Begin PBXTargetDependency section */
		6046B24B24994D270010CD9E /* PBXTargetDependency */ = {
			isa = PBXTargetDependency;
			target = 60249022248BC151009D8E75 /* SuperSmashBrosStats */;
			targetProxy = 6046B24A24994D270010CD9E /* PBXContainerItemProxy */;
		};
/* End PBXTargetDependency section */

/* Begin PBXVariantGroup section */
		60249031248BC152009D8E75 /* LaunchScreen.storyboard */ = {
			isa = PBXVariantGroup;
			children = (
				60249032248BC152009D8E75 /* Base */,
			);
			name = LaunchScreen.storyboard;
			sourceTree = "<group>";
		};
/* End PBXVariantGroup section */

/* Begin XCBuildConfiguration section */
		60249035248BC152009D8E75 /* Debug */ = {
			isa = XCBuildConfiguration;
			buildSettings = {
				ALWAYS_SEARCH_USER_PATHS = NO;
				CLANG_ANALYZER_NONNULL = YES;
				CLANG_ANALYZER_NUMBER_OBJECT_CONVERSION = YES_AGGRESSIVE;
				CLANG_CXX_LANGUAGE_STANDARD = "gnu++14";
				CLANG_CXX_LIBRARY = "libc++";
				CLANG_ENABLE_MODULES = YES;
				CLANG_ENABLE_OBJC_ARC = YES;
				CLANG_ENABLE_OBJC_WEAK = YES;
				CLANG_WARN_BLOCK_CAPTURE_AUTORELEASING = YES;
				CLANG_WARN_BOOL_CONVERSION = YES;
				CLANG_WARN_COMMA = YES;
				CLANG_WARN_CONSTANT_CONVERSION = YES;
				CLANG_WARN_DEPRECATED_OBJC_IMPLEMENTATIONS = YES;
				CLANG_WARN_DIRECT_OBJC_ISA_USAGE = YES_ERROR;
				CLANG_WARN_DOCUMENTATION_COMMENTS = YES;
				CLANG_WARN_EMPTY_BODY = YES;
				CLANG_WARN_ENUM_CONVERSION = YES;
				CLANG_WARN_INFINITE_RECURSION = YES;
				CLANG_WARN_INT_CONVERSION = YES;
				CLANG_WARN_NON_LITERAL_NULL_CONVERSION = YES;
				CLANG_WARN_OBJC_IMPLICIT_RETAIN_SELF = YES;
				CLANG_WARN_OBJC_LITERAL_CONVERSION = YES;
				CLANG_WARN_OBJC_ROOT_CLASS = YES_ERROR;
				CLANG_WARN_RANGE_LOOP_ANALYSIS = YES;
				CLANG_WARN_STRICT_PROTOTYPES = YES;
				CLANG_WARN_SUSPICIOUS_MOVE = YES;
				CLANG_WARN_UNGUARDED_AVAILABILITY = YES_AGGRESSIVE;
				CLANG_WARN_UNREACHABLE_CODE = YES;
				CLANG_WARN__DUPLICATE_METHOD_MATCH = YES;
				COPY_PHASE_STRIP = NO;
				DEBUG_INFORMATION_FORMAT = dwarf;
				ENABLE_STRICT_OBJC_MSGSEND = YES;
				ENABLE_TESTABILITY = YES;
				GCC_C_LANGUAGE_STANDARD = gnu11;
				GCC_DYNAMIC_NO_PIC = NO;
				GCC_NO_COMMON_BLOCKS = YES;
				GCC_OPTIMIZATION_LEVEL = 0;
				GCC_PREPROCESSOR_DEFINITIONS = (
					"DEBUG=1",
					"$(inherited)",
				);
				GCC_WARN_64_TO_32_BIT_CONVERSION = YES;
				GCC_WARN_ABOUT_RETURN_TYPE = YES_ERROR;
				GCC_WARN_UNDECLARED_SELECTOR = YES;
				GCC_WARN_UNINITIALIZED_AUTOS = YES_AGGRESSIVE;
				GCC_WARN_UNUSED_FUNCTION = YES;
				GCC_WARN_UNUSED_VARIABLE = YES;
				IPHONEOS_DEPLOYMENT_TARGET = 13.5;
				MTL_ENABLE_DEBUG_INFO = INCLUDE_SOURCE;
				MTL_FAST_MATH = YES;
				ONLY_ACTIVE_ARCH = YES;
				SDKROOT = iphoneos;
				SWIFT_ACTIVE_COMPILATION_CONDITIONS = DEBUG;
				SWIFT_OPTIMIZATION_LEVEL = "-Onone";
			};
			name = Debug;
		};
		60249036248BC152009D8E75 /* Release */ = {
			isa = XCBuildConfiguration;
			buildSettings = {
				ALWAYS_SEARCH_USER_PATHS = NO;
				CLANG_ANALYZER_NONNULL = YES;
				CLANG_ANALYZER_NUMBER_OBJECT_CONVERSION = YES_AGGRESSIVE;
				CLANG_CXX_LANGUAGE_STANDARD = "gnu++14";
				CLANG_CXX_LIBRARY = "libc++";
				CLANG_ENABLE_MODULES = YES;
				CLANG_ENABLE_OBJC_ARC = YES;
				CLANG_ENABLE_OBJC_WEAK = YES;
				CLANG_WARN_BLOCK_CAPTURE_AUTORELEASING = YES;
				CLANG_WARN_BOOL_CONVERSION = YES;
				CLANG_WARN_COMMA = YES;
				CLANG_WARN_CONSTANT_CONVERSION = YES;
				CLANG_WARN_DEPRECATED_OBJC_IMPLEMENTATIONS = YES;
				CLANG_WARN_DIRECT_OBJC_ISA_USAGE = YES_ERROR;
				CLANG_WARN_DOCUMENTATION_COMMENTS = YES;
				CLANG_WARN_EMPTY_BODY = YES;
				CLANG_WARN_ENUM_CONVERSION = YES;
				CLANG_WARN_INFINITE_RECURSION = YES;
				CLANG_WARN_INT_CONVERSION = YES;
				CLANG_WARN_NON_LITERAL_NULL_CONVERSION = YES;
				CLANG_WARN_OBJC_IMPLICIT_RETAIN_SELF = YES;
				CLANG_WARN_OBJC_LITERAL_CONVERSION = YES;
				CLANG_WARN_OBJC_ROOT_CLASS = YES_ERROR;
				CLANG_WARN_RANGE_LOOP_ANALYSIS = YES;
				CLANG_WARN_STRICT_PROTOTYPES = YES;
				CLANG_WARN_SUSPICIOUS_MOVE = YES;
				CLANG_WARN_UNGUARDED_AVAILABILITY = YES_AGGRESSIVE;
				CLANG_WARN_UNREACHABLE_CODE = YES;
				CLANG_WARN__DUPLICATE_METHOD_MATCH = YES;
				COPY_PHASE_STRIP = NO;
				DEBUG_INFORMATION_FORMAT = "dwarf-with-dsym";
				ENABLE_NS_ASSERTIONS = NO;
				ENABLE_STRICT_OBJC_MSGSEND = YES;
				GCC_C_LANGUAGE_STANDARD = gnu11;
				GCC_NO_COMMON_BLOCKS = YES;
				GCC_WARN_64_TO_32_BIT_CONVERSION = YES;
				GCC_WARN_ABOUT_RETURN_TYPE = YES_ERROR;
				GCC_WARN_UNDECLARED_SELECTOR = YES;
				GCC_WARN_UNINITIALIZED_AUTOS = YES_AGGRESSIVE;
				GCC_WARN_UNUSED_FUNCTION = YES;
				GCC_WARN_UNUSED_VARIABLE = YES;
				IPHONEOS_DEPLOYMENT_TARGET = 13.5;
				MTL_ENABLE_DEBUG_INFO = NO;
				MTL_FAST_MATH = YES;
				SDKROOT = iphoneos;
				SWIFT_COMPILATION_MODE = wholemodule;
				SWIFT_OPTIMIZATION_LEVEL = "-O";
				VALIDATE_PRODUCT = YES;
			};
			name = Release;
		};
		60249038248BC152009D8E75 /* Debug */ = {
			isa = XCBuildConfiguration;
			buildSettings = {
				ASSETCATALOG_COMPILER_APPICON_NAME = AppIcon;
				CODE_SIGN_STYLE = Automatic;
				DEVELOPMENT_ASSET_PATHS = "\"SuperSmashBrosStats/Preview Content\"";
				DEVELOPMENT_TEAM = DXUKH9VF73;
				ENABLE_PREVIEWS = YES;
				INFOPLIST_FILE = SuperSmashBrosStats/Info.plist;
				IPHONEOS_DEPLOYMENT_TARGET = 13.1;
				LD_RUNPATH_SEARCH_PATHS = (
					"$(inherited)",
					"@executable_path/Frameworks",
				);
				PRODUCT_BUNDLE_IDENTIFIER = io.kamaal.SuperSmashBrosStats;
				PRODUCT_NAME = "$(TARGET_NAME)";
				SWIFT_VERSION = 5.0;
				TARGETED_DEVICE_FAMILY = "1,2";
			};
			name = Debug;
		};
		60249039248BC152009D8E75 /* Release */ = {
			isa = XCBuildConfiguration;
			buildSettings = {
				ASSETCATALOG_COMPILER_APPICON_NAME = AppIcon;
				CODE_SIGN_STYLE = Automatic;
				DEVELOPMENT_ASSET_PATHS = "\"SuperSmashBrosStats/Preview Content\"";
				DEVELOPMENT_TEAM = DXUKH9VF73;
				ENABLE_PREVIEWS = YES;
				INFOPLIST_FILE = SuperSmashBrosStats/Info.plist;
				IPHONEOS_DEPLOYMENT_TARGET = 13.1;
				LD_RUNPATH_SEARCH_PATHS = (
					"$(inherited)",
					"@executable_path/Frameworks",
				);
				PRODUCT_BUNDLE_IDENTIFIER = io.kamaal.SuperSmashBrosStats;
				PRODUCT_NAME = "$(TARGET_NAME)";
				SWIFT_VERSION = 5.0;
				TARGETED_DEVICE_FAMILY = "1,2";
			};
			name = Release;
		};
		6046B24D24994D270010CD9E /* Debug */ = {
			isa = XCBuildConfiguration;
			buildSettings = {
				BUNDLE_LOADER = "$(TEST_HOST)";
				CODE_SIGN_STYLE = Automatic;
				DEVELOPMENT_TEAM = DXUKH9VF73;
				INFOPLIST_FILE = SuperSmashBrosStatsTests/Info.plist;
				LD_RUNPATH_SEARCH_PATHS = (
					"$(inherited)",
					"@executable_path/Frameworks",
					"@loader_path/Frameworks",
				);
				PRODUCT_BUNDLE_IDENTIFIER = io.kamaal.SuperSmashBrosStatsTests;
				PRODUCT_NAME = "$(TARGET_NAME)";
				SWIFT_VERSION = 5.0;
				TARGETED_DEVICE_FAMILY = "1,2";
				TEST_HOST = "$(BUILT_PRODUCTS_DIR)/SuperSmashBrosStats.app/SuperSmashBrosStats";
			};
			name = Debug;
		};
		6046B24E24994D270010CD9E /* Release */ = {
			isa = XCBuildConfiguration;
			buildSettings = {
				BUNDLE_LOADER = "$(TEST_HOST)";
				CODE_SIGN_STYLE = Automatic;
				DEVELOPMENT_TEAM = DXUKH9VF73;
				INFOPLIST_FILE = SuperSmashBrosStatsTests/Info.plist;
				LD_RUNPATH_SEARCH_PATHS = (
					"$(inherited)",
					"@executable_path/Frameworks",
					"@loader_path/Frameworks",
				);
				PRODUCT_BUNDLE_IDENTIFIER = io.kamaal.SuperSmashBrosStatsTests;
				PRODUCT_NAME = "$(TARGET_NAME)";
				SWIFT_VERSION = 5.0;
				TARGETED_DEVICE_FAMILY = "1,2";
				TEST_HOST = "$(BUILT_PRODUCTS_DIR)/SuperSmashBrosStats.app/SuperSmashBrosStats";
			};
			name = Release;
		};
/* End XCBuildConfiguration section */

/* Begin XCConfigurationList section */
		6024901E248BC151009D8E75 /* Build configuration list for PBXProject "SuperSmashBrosStats" */ = {
			isa = XCConfigurationList;
			buildConfigurations = (
				60249035248BC152009D8E75 /* Debug */,
				60249036248BC152009D8E75 /* Release */,
			);
			defaultConfigurationIsVisible = 0;
			defaultConfigurationName = Release;
		};
		60249037248BC152009D8E75 /* Build configuration list for PBXNativeTarget "SuperSmashBrosStats" */ = {
			isa = XCConfigurationList;
			buildConfigurations = (
				60249038248BC152009D8E75 /* Debug */,
				60249039248BC152009D8E75 /* Release */,
			);
			defaultConfigurationIsVisible = 0;
			defaultConfigurationName = Release;
		};
		6046B24C24994D270010CD9E /* Build configuration list for PBXNativeTarget "SuperSmashBrosStatsTests" */ = {
			isa = XCConfigurationList;
			buildConfigurations = (
				6046B24D24994D270010CD9E /* Debug */,
				6046B24E24994D270010CD9E /* Release */,
			);
			defaultConfigurationIsVisible = 0;
			defaultConfigurationName = Release;
		};
/* End XCConfigurationList section */

/* Begin XCRemoteSwiftPackageReference section */
		608FD912248D16E500307B6C /* XCRemoteSwiftPackageReference "PersistanceManager" */ = {
			isa = XCRemoteSwiftPackageReference;
			repositoryURL = "https://github.com/kamaal111/PersistanceManager.git";
			requirement = {
				kind = upToNextMajorVersion;
				minimumVersion = 1.0.1;
			};
		};
/* End XCRemoteSwiftPackageReference section */

/* Begin XCSwiftPackageProductDependency section */
		608FD913248D16E500307B6C /* PersistanceManager */ = {
			isa = XCSwiftPackageProductDependency;
			package = 608FD912248D16E500307B6C /* XCRemoteSwiftPackageReference "PersistanceManager" */;
			productName = PersistanceManager;
		};
/* End XCSwiftPackageProductDependency section */

/* Begin XCVersionGroup section */
		608FD916248D173100307B6C /* SuperSmashBrosStats.xcdatamodeld */ = {
			isa = XCVersionGroup;
			children = (
				608FD917248D173100307B6C /* SuperSmashBrosStats.xcdatamodel */,
			);
			currentVersion = 608FD917248D173100307B6C /* SuperSmashBrosStats.xcdatamodel */;
			path = SuperSmashBrosStats.xcdatamodeld;
			sourceTree = "<group>";
			versionGroupType = wrapper.xcdatamodel;
		};
/* End XCVersionGroup section */
	};
	rootObject = 6024901B248BC151009D8E75 /* Project object */;
}
